
Microsoft Visual Studio Solution File, Format Version 12.00
# Visual Studio Version 17
VisualStudioVersion = 17.0.32014.148
MinimumVisualStudioVersion = 10.0.40219.1
Project("{FAE04EC0-301F-11D3-BF4B-00C04F79EFBC}") = "Html_Exzample", "Html_Exzample\Html_Exzample.csproj", "{B11B053F-C49C-4991-87F6-1644FCE35B83}"
EndProject
Global
	GlobalSection(SolutionConfigurationPlatforms) = preSolution
		Debug|Any CPU = Debug|Any CPU
		Release|Any CPU = Release|Any CPU
	EndGlobalSection
	GlobalSection(ProjectConfigurationPlatforms) = postSolution
		{B11B053F-C49C-4991-87F6-1644FCE35B83}.Debug|Any CPU.ActiveCfg = Debug|Any CPU
		{B11B053F-C49C-4991-87F6-1644FCE35B83}.Debug|Any CPU.Build.0 = Debug|Any CPU
		{B11B053F-C49C-4991-87F6-1644FCE35B83}.Release|Any CPU.ActiveCfg = Release|Any CPU
		{B11B053F-C49C-4991-87F6-1644FCE35B83}.Release|Any CPU.Build.0 = Release|Any CPU
	EndGlobalSection
	GlobalSection(SolutionProperties) = preSolution
		HideSolutionNode = FALSE
	EndGlobalSection
	GlobalSection(ExtensibilityGlobals) = postSolution
		SolutionGuid = {892B346B-5DB7-47AC-BD6C-BBB989C2E717}
	EndGlobalSection
EndGlobal
